
Microsoft Visual Studio Solution File, Format Version 12.00
# Visual Studio 15
VisualStudioVersion = 15.0.27703.2042
MinimumVisualStudioVersion = 10.0.40219.1
Project("{FAE04EC0-301F-11D3-BF4B-00C04F79EFBC}") = "BlogApplication.Core", "BlogApplication.Core\BlogApplication.Core.csproj", "{35703F37-282C-4DEB-992B-F7F3D2D0BAA5}"
EndProject
Global
	GlobalSection(SolutionConfigurationPlatforms) = preSolution
		Debug|Any CPU = Debug|Any CPU
		Release|Any CPU = Release|Any CPU
	EndGlobalSection
	GlobalSection(ProjectConfigurationPlatforms) = postSolution
		{35703F37-282C-4DEB-992B-F7F3D2D0BAA5}.Debug|Any CPU.ActiveCfg = Debug|Any CPU
		{35703F37-282C-4DEB-992B-F7F3D2D0BAA5}.Debug|Any CPU.Build.0 = Debug|Any CPU
		{35703F37-282C-4DEB-992B-F7F3D2D0BAA5}.Release|Any CPU.ActiveCfg = Release|Any CPU
		{35703F37-282C-4DEB-992B-F7F3D2D0BAA5}.Release|Any CPU.Build.0 = Release|Any CPU
	EndGlobalSection
	GlobalSection(SolutionProperties) = preSolution
		HideSolutionNode = FALSE
	EndGlobalSection
	GlobalSection(ExtensibilityGlobals) = postSolution
		SolutionGuid = {4E6D0054-0B7F-409B-A1CF-1987298D98CC}
	EndGlobalSection
EndGlobal
